
Microsoft Visual Studio Solution File, Format Version 12.00
# Visual Studio Version 16
VisualStudioVersion = 16.0.29318.209
MinimumVisualStudioVersion = 10.0.40219.1
Project("{FAE04EC0-301F-11D3-BF4B-00C04F79EFBC}") = "MVC_app", "MVC_app\MVC_app.csproj", "{53F50423-E823-4B60-8894-8919938030B0}"
EndProject
Global
	GlobalSection(SolutionConfigurationPlatforms) = preSolution
		Debug|Any CPU = Debug|Any CPU
		Release|Any CPU = Release|Any CPU
	EndGlobalSection
	GlobalSection(ProjectConfigurationPlatforms) = postSolution
		{53F50423-E823-4B60-8894-8919938030B0}.Debug|Any CPU.ActiveCfg = Debug|Any CPU
		{53F50423-E823-4B60-8894-8919938030B0}.Debug|Any CPU.Build.0 = Debug|Any CPU
		{53F50423-E823-4B60-8894-8919938030B0}.Release|Any CPU.ActiveCfg = Release|Any CPU
		{53F50423-E823-4B60-8894-8919938030B0}.Release|Any CPU.Build.0 = Release|Any CPU
	EndGlobalSection
	GlobalSection(SolutionProperties) = preSolution
		HideSolutionNode = FALSE
	EndGlobalSection
	GlobalSection(ExtensibilityGlobals) = postSolution
		SolutionGuid = {532FAC0A-5ECA-4C58-8CE7-F57857F62AB3}
	EndGlobalSection
EndGlobal
